
Microsoft Visual Studio Solution File, Format Version 12.00
# Visual Studio Version 17
VisualStudioVersion = 17.1.32421.90
MinimumVisualStudioVersion = 10.0.40219.1
Project("{B7DD6F7E-DEF8-4E67-B5B7-07EF123DB6F0}") = "PanelSwWixLib", "wixlib\PanelSwWixLib.wixproj", "{B6AC15A8-5EF9-4F89-ACCC-3F5C3FC04BCE}"
	ProjectSection(ProjectDependencies) = postProject
		{0C3A56AA-8073-44E1-8DE4-C257D581BFF0} = {0C3A56AA-8073-44E1-8DE4-C257D581BFF0}
	EndProjectSection
EndProject
Project("{9A19103F-16F7-4668-BE54-9A1E7A4F7556}") = "PanelSwWixExtension", "PanelSwWixExtension\PanelSwWixExtension.csproj", "{69972F7F-F1CF-44AA-8F76-B4A5A4F1B309}"
	ProjectSection(ProjectDependencies) = postProject
		{B6AC15A8-5EF9-4F89-ACCC-3F5C3FC04BCE} = {B6AC15A8-5EF9-4F89-ACCC-3F5C3FC04BCE}
	EndProjectSection
EndProject
Project("{8BC9CEB8-8B4A-11D0-8D11-00A0C91BC942}") = "PanelSwCustomActions", "PanelSwCustomActions\PanelSwCustomActions.vcxproj", "{0C3A56AA-8073-44E1-8DE4-C257D581BFF0}"
	ProjectSection(ProjectDependencies) = postProject
		{7C6B230A-9186-4C1E-B61D-E803CC36A347} = {7C6B230A-9186-4C1E-B61D-E803CC36A347}
		{46D02BC4-720A-4B33-AA27-4103E7349F02} = {46D02BC4-720A-4B33-AA27-4103E7349F02}
	EndProjectSection
EndProject
Project("{2150E333-8FDC-42A3-9474-1A3956D46DE8}") = "UnitTests", "UnitTests", "{B533D9FC-4927-4A05-892D-B90E8BEDCF5D}"
EndProject
Project("{B7DD6F7E-DEF8-4E67-B5B7-07EF123DB6F0}") = "ReadIniValuesUT", "UnitTests\ReadIniValuesUT\ReadIniValuesUT.wixproj", "{EEC5D4C5-9873-42E1-8A7F-79DB5314592B}"
EndProject
Project("{B7DD6F7E-DEF8-4E67-B5B7-07EF123DB6F0}") = "CustomUninstallKeyUT", "UnitTests\CustomUninstallKeyUT\CustomUninstallKeyUT.wixproj", "{5E7E80C3-8093-4DF6-AD3D-DE3F2872B01F}"
EndProject
Project("{B7DD6F7E-DEF8-4E67-B5B7-07EF123DB6F0}") = "RemoveRegistryValueUT", "UnitTests\RemoveRegistryValueUT\RemoveRegistryValueUT.wixproj", "{301175D9-93BD-49D2-8AE2-31693630372C}"
EndProject
Project("{B7DD6F7E-DEF8-4E67-B5B7-07EF123DB6F0}") = "XmlSearchUT", "UnitTests\XmlSearchUT\XmlSearchUT.wixproj", "{0631B7FA-D5A5-4B4B-8289-E0415420D6C7}"
EndProject
Project("{8BC9CEB8-8B4A-11D0-8D11-00A0C91BC942}") = "CaCommon", "CaCommon\CaCommon.vcxproj", "{7C6B230A-9186-4C1E-B61D-E803CC36A347}"
	ProjectSection(ProjectDependencies) = postProject
		{46D02BC4-720A-4B33-AA27-4103E7349F02} = {46D02BC4-720A-4B33-AA27-4103E7349F02}
	EndProjectSection
EndProject
Project("{B7DD6F7E-DEF8-4E67-B5B7-07EF123DB6F0}") = "TelemetryUT", "UnitTests\TelemetryUT\TelemetryUT.wixproj", "{12C34100-BC94-48E7-AE28-8B62CAD23155}"
EndProject
Project("{B7DD6F7E-DEF8-4E67-B5B7-07EF123DB6F0}") = "MsiSqlQueryUT", "UnitTests\MsiSqlQueryUT\MsiSqlQueryUT.wixproj", "{9831ED5E-E812-484B-BDCF-AB27ED9297F6}"
EndProject
Project("{B7DD6F7E-DEF8-4E67-B5B7-07EF123DB6F0}") = "RegexUT", "UnitTests\RegexUT\RegexUT.wixproj", "{738E0950-AD2F-49B0-A791-94E7E011E233}"
EndProject
Project("{B7DD6F7E-DEF8-4E67-B5B7-07EF123DB6F0}") = "FileOperationsUT", "UnitTests\FileOperationsUT\FileOperationsUT.wixproj", "{2B87572F-9B38-4F39-A213-97C1AC64703E}"
EndProject
Project("{B7DD6F7E-DEF8-4E67-B5B7-07EF123DB6F0}") = "TaskScheulerUT", "UnitTests\TaskScheulerUT\TaskScheulerUT.wixproj", "{31F20547-2522-4643-AE23-B5B4E25A8852}"
EndProject
Project("{2150E333-8FDC-42A3-9474-1A3956D46DE8}") = "Solution Items", "Solution Items", "{096EB3BA-5DCA-4121-8407-C93F31997339}"
	ProjectSection(SolutionItems) = preProject
		.editorconfig = .editorconfig
		.github\workflows\codeql-analysis.yml = .github\workflows\codeql-analysis.yml
		Directory.Build.props = Directory.Build.props
		.github\workflows\github-actions-build.yml = .github\workflows\github-actions-build.yml
		global.json = global.json
		nuget.config = nuget.config
		Nuget\PanelSwWixExtension4.props = Nuget\PanelSwWixExtension4.props
		Nuget\PanelSwWixExtension4.targets = Nuget\PanelSwWixExtension4.targets
		README.md = README.md
		TidyBuild.custom.props = TidyBuild.custom.props
		TidyBuild.custom.targets = TidyBuild.custom.targets
		TidyBuild.user.props = TidyBuild.user.props
	EndProjectSection
EndProject
Project("{B7DD6F7E-DEF8-4E67-B5B7-07EF123DB6F0}") = "ExecOnComponentUT", "UnitTests\ExecOnComponentUT\ExecOnComponentUT.wixproj", "{80C0972A-EB37-4DF3-95DB-704EB7F7965C}"
EndProject
Project("{B7DD6F7E-DEF8-4E67-B5B7-07EF123DB6F0}") = "DismUT", "UnitTests\DismUT\DismUT.wixproj", "{E9A9526B-0AD2-4DE2-A154-6558B99A4287}"
EndProject
Project("{9A19103F-16F7-4668-BE54-9A1E7A4F7556}") = "PswManagedCA", "PswManagedCA\PswManagedCA.csproj", "{EEC82796-3809-4D8B-9F2B-D9F1DB044E39}"
EndProject
Project("{B7DD6F7E-DEF8-4E67-B5B7-07EF123DB6F0}") = "ZipFileUT", "UnitTests\ZipFileUT\ZipFileUT.wixproj", "{272D736A-5479-4915-B8FE-5A0D908AB61F}"
EndProject
Project("{8BC9CEB8-8B4A-11D0-8D11-00A0C91BC942}") = "Dism", "Dism\Dism.vcxproj", "{E08BD5F2-B8DE-4EEE-A77F-FD82678664AC}"
EndProject
Project("{B7DD6F7E-DEF8-4E67-B5B7-07EF123DB6F0}") = "ServiceConfigUT", "UnitTests\ServiceConfigUT\ServiceConfigUT.wixproj", "{C6FC6CB8-13AD-48BE-8FB1-8A7BC5790896}"
EndProject
Project("{B7DD6F7E-DEF8-4E67-B5B7-07EF123DB6F0}") = "CleanPendingFileRenameOperationsUT", "UnitTests\CleanPendingFileRenameOperationsUT\CleanPendingFileRenameOperationsUT.wixproj", "{EA03A92C-1984-4F2A-9D4F-4EA2C451AE05}"
EndProject
Project("{B7DD6F7E-DEF8-4E67-B5B7-07EF123DB6F0}") = "InstallUtilUT", "UnitTests\InstallUtilUT\InstallUtilUT.wixproj", "{7F31BB12-8494-4A6E-A2B8-ECF9FE25B460}"
EndProject
Project("{B7DD6F7E-DEF8-4E67-B5B7-07EF123DB6F0}") = "SqlSearchUT", "UnitTests\SqlSearchUT\SqlSearchUT.wixproj", "{4B0E8514-6BEE-41A5-AD4B-DF5F3BFEEFEF}"
EndProject
Project("{B7DD6F7E-DEF8-4E67-B5B7-07EF123DB6F0}") = "BackupAndRestoreUT", "UnitTests\BackupAndRestoreUT\BackupAndRestoreUT.wixproj", "{21F86B1E-9F55-4CC8-93C7-BD237157B7F5}"
EndProject
Project("{B7DD6F7E-DEF8-4E67-B5B7-07EF123DB6F0}") = "CreateSelfSignCertificateUT", "UnitTests\CreateSelfSignCertificateUT\CreateSelfSignCertificateUT.wixproj", "{95697A34-1519-42EC-A96B-3090AE6EAE2A}"
EndProject
Project("{8BC9CEB8-8B4A-11D0-8D11-00A0C91BC942}") = "ProtoCaLib", "ProtoCaLib\ProtoCaLib.vcxproj", "{46D02BC4-720A-4B33-AA27-4103E7349F02}"
EndProject
Project("{2150E333-8FDC-42A3-9474-1A3956D46DE8}") = "SetPropertyFromPipe", "SetPropertyFromPipe", "{9414286E-4E14-4836-99BE-7C6AB7B14538}"
EndProject
Project("{8BC9CEB8-8B4A-11D0-8D11-00A0C91BC942}") = "SetPropertyFromPipeBAF", "UnitTests\SetPropertyFromPipe\SetPropertyFromPipeBAF\SetPropertyFromPipeBAF.vcxproj", "{EB0A7D51-2133-4EE7-B6CA-87DBEAC67E02}"
EndProject
Project("{B7DD6F7E-DEF8-4E67-B5B7-07EF123DB6F0}") = "SetPropertyFromPipeBootstrapper", "UnitTests\SetPropertyFromPipe\SetPropertyFromPipeBootstrapper\SetPropertyFromPipeBootstrapper.wixproj", "{F37B5C48-DD17-4FF6-AF58-1BD697C2C1D7}"
EndProject
Project("{B7DD6F7E-DEF8-4E67-B5B7-07EF123DB6F0}") = "SetPropertyFromPipeSetup", "UnitTests\SetPropertyFromPipe\SetPropertyFromPipeSetup\SetPropertyFromPipeSetup.wixproj", "{C3F36939-174F-4A7C-880E-B25875B7ABDC}"
EndProject
Project("{B7DD6F7E-DEF8-4E67-B5B7-07EF123DB6F0}") = "EvaluateExpressionUT", "UnitTests\EvaluateExpressionUT\EvaluateExpressionUT.wixproj", "{CBA21767-A300-4048-BCD4-4757F6FD0BEA}"
EndProject
Project("{B7DD6F7E-DEF8-4E67-B5B7-07EF123DB6F0}") = "DiskSpaceUT", "UnitTests\DiskSpaceUT\DiskSpaceUT.wixproj", "{58646CCF-55D2-4131-BCAC-8670D372BA83}"
EndProject
Project("{B7DD6F7E-DEF8-4E67-B5B7-07EF123DB6F0}") = "JsonJPathUT", "UnitTests\JsonJPathUT\JsonJPathUT.wixproj", "{CF761D68-A8DE-41F3-8888-91B0C70B2C8E}"
EndProject
Project("{B7DD6F7E-DEF8-4E67-B5B7-07EF123DB6F0}") = "AccountNamesUT", "UnitTests\AccountNamesUT\AccountNamesUT.wixproj", "{49D91747-0876-4315-AD43-089EAC141670}"
EndProject
Project("{B7DD6F7E-DEF8-4E67-B5B7-07EF123DB6F0}") = "AccountSidSearchUT", "UnitTests\AccountSidSearchUT\AccountSidSearchUT.wixproj", "{9373BDEE-4179-45BD-BA91-467C37729852}"
EndProject
Project("{B7DD6F7E-DEF8-4E67-B5B7-07EF123DB6F0}") = "ForceVersionUT", "UnitTests\ForceVersionUT\ForceVersionUT.wixproj", "{F773F85B-CD8B-4FDD-ABFC-B74C018AB900}"
EndProject
Project("{B7DD6F7E-DEF8-4E67-B5B7-07EF123DB6F0}") = "WebsiteConfigUT", "UnitTests\WebsiteConfigUT\WebsiteConfigUT.wixproj", "{742496FF-76A2-419C-BA48-BE8C6C1C23EB}"
EndProject
Project("{B7DD6F7E-DEF8-4E67-B5B7-07EF123DB6F0}") = "VersionCompareUT", "UnitTests\VersionCompareUT\VersionCompareUT.wixproj", "{E386BD7E-2DDC-4F30-8FD0-2ED41E851159}"
EndProject
Project("{B7DD6F7E-DEF8-4E67-B5B7-07EF123DB6F0}") = "PathSearchUT", "UnitTests\PathSearchUT\PathSearchUT.wixproj", "{0FBEE09F-52C0-4AA2-8238-D55067106829}"
EndProject
Project("{B7DD6F7E-DEF8-4E67-B5B7-07EF123DB6F0}") = "CustomActionDataUT", "UnitTests\CustomActionDataUT\CustomActionDataUT.wixproj", "{F0FAAEE2-E1C5-4122-80FA-CE8CA58F7621}"
EndProject
Project("{B7DD6F7E-DEF8-4E67-B5B7-07EF123DB6F0}") = "StringUT", "UnitTests\StringUT\StringUT.wixproj", "{60408F7C-8FEB-4F24-A437-6DE8850223AB}"
EndProject
Project("{B7DD6F7E-DEF8-4E67-B5B7-07EF123DB6F0}") = "WmiSearchUT", "UnitTests\WmiSearchUT\WmiSearchUT.wixproj", "{426A6EC1-D3D6-4A88-85B9-4595A04E6D4A}"
EndProject
Project("{B7DD6F7E-DEF8-4E67-B5B7-07EF123DB6F0}") = "RestartLocalResourcesUT", "UnitTests\RestartLocalResourcesUT\RestartLocalResourcesUT.wixproj", "{71CA675A-453F-4756-924F-CD36C6C162E8}"
EndProject
Project("{B7DD6F7E-DEF8-4E67-B5B7-07EF123DB6F0}") = "Md5HashUT", "UnitTests\Md5HashUT\Md5HashUT.wixproj", "{42520F9E-9D2A-4FD8-B747-2CC03120F588}"
EndProject
Project("{B7DD6F7E-DEF8-4E67-B5B7-07EF123DB6F0}") = "SplitFileUT", "UnitTests\SplitFileUT\SplitFileUT.wixproj", "{1C727FB4-460C-4EDA-B751-0593E2910B4C}"
EndProject
Project("{B7DD6F7E-DEF8-4E67-B5B7-07EF123DB6F0}") = "PreprocessorUT", "UnitTests\PreprocessorUT\PreprocessorUT.wixproj", "{9D192FCB-1D43-4DA7-902E-8076E757A045}"
EndProject
Project("{B7DD6F7E-DEF8-4E67-B5B7-07EF123DB6F0}") = "PayloadUT", "UnitTests\PayloadUT\PayloadUT.wixproj", "{D3F4B72D-4C8D-4CED-91B6-33AB2A926A49}"
EndProject
Global
	GlobalSection(SolutionConfigurationPlatforms) = preSolution
		Debug|ARM64 = Debug|ARM64
		Debug|x64 = Debug|x64
		Debug|x86 = Debug|x86
		Release|ARM64 = Release|ARM64
		Release|x64 = Release|x64
		Release|x86 = Release|x86
	EndGlobalSection
	GlobalSection(ProjectConfigurationPlatforms) = postSolution
		{B6AC15A8-5EF9-4F89-ACCC-3F5C3FC04BCE}.Debug|ARM64.ActiveCfg = Debug|x86
		{B6AC15A8-5EF9-4F89-ACCC-3F5C3FC04BCE}.Debug|x64.ActiveCfg = Debug|x86
		{B6AC15A8-5EF9-4F89-ACCC-3F5C3FC04BCE}.Debug|x86.ActiveCfg = Debug|x86
		{B6AC15A8-5EF9-4F89-ACCC-3F5C3FC04BCE}.Debug|x86.Build.0 = Debug|x86
		{B6AC15A8-5EF9-4F89-ACCC-3F5C3FC04BCE}.Release|ARM64.ActiveCfg = Release|x86
		{B6AC15A8-5EF9-4F89-ACCC-3F5C3FC04BCE}.Release|x64.ActiveCfg = Release|x86
		{B6AC15A8-5EF9-4F89-ACCC-3F5C3FC04BCE}.Release|x86.ActiveCfg = Release|x86
		{B6AC15A8-5EF9-4F89-ACCC-3F5C3FC04BCE}.Release|x86.Build.0 = Release|x86
		{69972F7F-F1CF-44AA-8F76-B4A5A4F1B309}.Debug|ARM64.ActiveCfg = Debug|Any CPU
		{69972F7F-F1CF-44AA-8F76-B4A5A4F1B309}.Debug|ARM64.Build.0 = Debug|Any CPU
		{69972F7F-F1CF-44AA-8F76-B4A5A4F1B309}.Debug|x64.ActiveCfg = Release|Any CPU
		{69972F7F-F1CF-44AA-8F76-B4A5A4F1B309}.Debug|x64.Build.0 = Release|Any CPU
		{69972F7F-F1CF-44AA-8F76-B4A5A4F1B309}.Debug|x86.ActiveCfg = Release|Any CPU
		{69972F7F-F1CF-44AA-8F76-B4A5A4F1B309}.Debug|x86.Build.0 = Release|Any CPU
		{69972F7F-F1CF-44AA-8F76-B4A5A4F1B309}.Release|ARM64.ActiveCfg = Release|Any CPU
		{69972F7F-F1CF-44AA-8F76-B4A5A4F1B309}.Release|ARM64.Build.0 = Release|Any CPU
		{69972F7F-F1CF-44AA-8F76-B4A5A4F1B309}.Release|x64.ActiveCfg = Release|Any CPU
		{69972F7F-F1CF-44AA-8F76-B4A5A4F1B309}.Release|x86.ActiveCfg = Release|Any CPU
		{69972F7F-F1CF-44AA-8F76-B4A5A4F1B309}.Release|x86.Build.0 = Release|Any CPU
		{0C3A56AA-8073-44E1-8DE4-C257D581BFF0}.Debug|ARM64.ActiveCfg = Release|Win32
		{0C3A56AA-8073-44E1-8DE4-C257D581BFF0}.Debug|ARM64.Build.0 = Release|Win32
		{0C3A56AA-8073-44E1-8DE4-C257D581BFF0}.Debug|x64.ActiveCfg = Release|Win32
		{0C3A56AA-8073-44E1-8DE4-C257D581BFF0}.Debug|x64.Build.0 = Release|Win32
		{0C3A56AA-8073-44E1-8DE4-C257D581BFF0}.Debug|x86.ActiveCfg = Release|Win32
		{0C3A56AA-8073-44E1-8DE4-C257D581BFF0}.Debug|x86.Build.0 = Release|Win32
		{0C3A56AA-8073-44E1-8DE4-C257D581BFF0}.Release|ARM64.ActiveCfg = Release|Win32
		{0C3A56AA-8073-44E1-8DE4-C257D581BFF0}.Release|ARM64.Build.0 = Release|Win32
		{0C3A56AA-8073-44E1-8DE4-C257D581BFF0}.Release|x64.ActiveCfg = Release|Win32
		{0C3A56AA-8073-44E1-8DE4-C257D581BFF0}.Release|x86.ActiveCfg = Release|Win32
		{0C3A56AA-8073-44E1-8DE4-C257D581BFF0}.Release|x86.Build.0 = Release|Win32
		{EEC5D4C5-9873-42E1-8A7F-79DB5314592B}.Debug|ARM64.ActiveCfg = Debug|ARM64
		{EEC5D4C5-9873-42E1-8A7F-79DB5314592B}.Debug|ARM64.Build.0 = Debug|ARM64
		{EEC5D4C5-9873-42E1-8A7F-79DB5314592B}.Debug|x64.ActiveCfg = Release|x86
		{EEC5D4C5-9873-42E1-8A7F-79DB5314592B}.Debug|x86.ActiveCfg = Release|x86
		{EEC5D4C5-9873-42E1-8A7F-79DB5314592B}.Release|ARM64.ActiveCfg = Release|ARM64
		{EEC5D4C5-9873-42E1-8A7F-79DB5314592B}.Release|ARM64.Build.0 = Release|ARM64
		{EEC5D4C5-9873-42E1-8A7F-79DB5314592B}.Release|x64.ActiveCfg = Release|x86
		{EEC5D4C5-9873-42E1-8A7F-79DB5314592B}.Release|x86.ActiveCfg = Release|x86
		{5E7E80C3-8093-4DF6-AD3D-DE3F2872B01F}.Debug|ARM64.ActiveCfg = Debug|ARM64
		{5E7E80C3-8093-4DF6-AD3D-DE3F2872B01F}.Debug|ARM64.Build.0 = Debug|ARM64
		{5E7E80C3-8093-4DF6-AD3D-DE3F2872B01F}.Debug|x64.ActiveCfg = Release|x86
		{5E7E80C3-8093-4DF6-AD3D-DE3F2872B01F}.Debug|x86.ActiveCfg = Release|x86
		{5E7E80C3-8093-4DF6-AD3D-DE3F2872B01F}.Release|ARM64.ActiveCfg = Release|ARM64
		{5E7E80C3-8093-4DF6-AD3D-DE3F2872B01F}.Release|ARM64.Build.0 = Release|ARM64
		{5E7E80C3-8093-4DF6-AD3D-DE3F2872B01F}.Release|x64.ActiveCfg = Release|x86
		{5E7E80C3-8093-4DF6-AD3D-DE3F2872B01F}.Release|x86.ActiveCfg = Release|x86
		{301175D9-93BD-49D2-8AE2-31693630372C}.Debug|ARM64.ActiveCfg = Debug|ARM64
		{301175D9-93BD-49D2-8AE2-31693630372C}.Debug|ARM64.Build.0 = Debug|ARM64
		{301175D9-93BD-49D2-8AE2-31693630372C}.Debug|x64.ActiveCfg = Release|x86
		{301175D9-93BD-49D2-8AE2-31693630372C}.Debug|x86.ActiveCfg = Release|x86
		{301175D9-93BD-49D2-8AE2-31693630372C}.Release|ARM64.ActiveCfg = Release|ARM64
		{301175D9-93BD-49D2-8AE2-31693630372C}.Release|ARM64.Build.0 = Release|ARM64
		{301175D9-93BD-49D2-8AE2-31693630372C}.Release|x64.ActiveCfg = Release|x86
		{301175D9-93BD-49D2-8AE2-31693630372C}.Release|x86.ActiveCfg = Release|x86
		{0631B7FA-D5A5-4B4B-8289-E0415420D6C7}.Debug|ARM64.ActiveCfg = Debug|ARM64
		{0631B7FA-D5A5-4B4B-8289-E0415420D6C7}.Debug|ARM64.Build.0 = Debug|ARM64
		{0631B7FA-D5A5-4B4B-8289-E0415420D6C7}.Debug|x64.ActiveCfg = Release|x86
		{0631B7FA-D5A5-4B4B-8289-E0415420D6C7}.Debug|x86.ActiveCfg = Release|x86
		{0631B7FA-D5A5-4B4B-8289-E0415420D6C7}.Release|ARM64.ActiveCfg = Release|ARM64
		{0631B7FA-D5A5-4B4B-8289-E0415420D6C7}.Release|ARM64.Build.0 = Release|ARM64
		{0631B7FA-D5A5-4B4B-8289-E0415420D6C7}.Release|x64.ActiveCfg = Release|x86
		{0631B7FA-D5A5-4B4B-8289-E0415420D6C7}.Release|x86.ActiveCfg = Release|x86
		{7C6B230A-9186-4C1E-B61D-E803CC36A347}.Debug|ARM64.ActiveCfg = Release|Win32
		{7C6B230A-9186-4C1E-B61D-E803CC36A347}.Debug|x64.ActiveCfg = Release|Win32
		{7C6B230A-9186-4C1E-B61D-E803CC36A347}.Debug|x86.ActiveCfg = Release|Win32
		{7C6B230A-9186-4C1E-B61D-E803CC36A347}.Release|ARM64.ActiveCfg = Release|Win32
		{7C6B230A-9186-4C1E-B61D-E803CC36A347}.Release|x64.ActiveCfg = Release|Win32
		{7C6B230A-9186-4C1E-B61D-E803CC36A347}.Release|x86.ActiveCfg = Release|Win32
		{7C6B230A-9186-4C1E-B61D-E803CC36A347}.Release|x86.Build.0 = Release|Win32
		{12C34100-BC94-48E7-AE28-8B62CAD23155}.Debug|ARM64.ActiveCfg = Debug|ARM64
		{12C34100-BC94-48E7-AE28-8B62CAD23155}.Debug|ARM64.Build.0 = Debug|ARM64
		{12C34100-BC94-48E7-AE28-8B62CAD23155}.Debug|x64.ActiveCfg = Release|x86
		{12C34100-BC94-48E7-AE28-8B62CAD23155}.Debug|x86.ActiveCfg = Release|x86
		{12C34100-BC94-48E7-AE28-8B62CAD23155}.Release|ARM64.ActiveCfg = Release|ARM64
		{12C34100-BC94-48E7-AE28-8B62CAD23155}.Release|ARM64.Build.0 = Release|ARM64
		{12C34100-BC94-48E7-AE28-8B62CAD23155}.Release|x64.ActiveCfg = Release|x86
		{12C34100-BC94-48E7-AE28-8B62CAD23155}.Release|x86.ActiveCfg = Release|x86
		{9831ED5E-E812-484B-BDCF-AB27ED9297F6}.Debug|ARM64.ActiveCfg = Debug|ARM64
		{9831ED5E-E812-484B-BDCF-AB27ED9297F6}.Debug|ARM64.Build.0 = Debug|ARM64
		{9831ED5E-E812-484B-BDCF-AB27ED9297F6}.Debug|x64.ActiveCfg = Release|x86
		{9831ED5E-E812-484B-BDCF-AB27ED9297F6}.Debug|x86.ActiveCfg = Release|x86
		{9831ED5E-E812-484B-BDCF-AB27ED9297F6}.Release|ARM64.ActiveCfg = Release|ARM64
		{9831ED5E-E812-484B-BDCF-AB27ED9297F6}.Release|ARM64.Build.0 = Release|ARM64
		{9831ED5E-E812-484B-BDCF-AB27ED9297F6}.Release|x64.ActiveCfg = Release|x86
		{9831ED5E-E812-484B-BDCF-AB27ED9297F6}.Release|x86.ActiveCfg = Release|x86
		{738E0950-AD2F-49B0-A791-94E7E011E233}.Debug|ARM64.ActiveCfg = Debug|ARM64
		{738E0950-AD2F-49B0-A791-94E7E011E233}.Debug|ARM64.Build.0 = Debug|ARM64
		{738E0950-AD2F-49B0-A791-94E7E011E233}.Debug|x64.ActiveCfg = Release|x86
		{738E0950-AD2F-49B0-A791-94E7E011E233}.Debug|x86.ActiveCfg = Release|x86
		{738E0950-AD2F-49B0-A791-94E7E011E233}.Release|ARM64.ActiveCfg = Release|ARM64
		{738E0950-AD2F-49B0-A791-94E7E011E233}.Release|ARM64.Build.0 = Release|ARM64
		{738E0950-AD2F-49B0-A791-94E7E011E233}.Release|x64.ActiveCfg = Release|x86
		{738E0950-AD2F-49B0-A791-94E7E011E233}.Release|x86.ActiveCfg = Release|x86
		{2B87572F-9B38-4F39-A213-97C1AC64703E}.Debug|ARM64.ActiveCfg = Debug|ARM64
		{2B87572F-9B38-4F39-A213-97C1AC64703E}.Debug|ARM64.Build.0 = Debug|ARM64
		{2B87572F-9B38-4F39-A213-97C1AC64703E}.Debug|x64.ActiveCfg = Release|x86
		{2B87572F-9B38-4F39-A213-97C1AC64703E}.Debug|x86.ActiveCfg = Release|x86
		{2B87572F-9B38-4F39-A213-97C1AC64703E}.Release|ARM64.ActiveCfg = Release|ARM64
		{2B87572F-9B38-4F39-A213-97C1AC64703E}.Release|ARM64.Build.0 = Release|ARM64
		{2B87572F-9B38-4F39-A213-97C1AC64703E}.Release|x64.ActiveCfg = Release|x86
		{2B87572F-9B38-4F39-A213-97C1AC64703E}.Release|x86.ActiveCfg = Release|x86
		{31F20547-2522-4643-AE23-B5B4E25A8852}.Debug|ARM64.ActiveCfg = Debug|ARM64
		{31F20547-2522-4643-AE23-B5B4E25A8852}.Debug|ARM64.Build.0 = Debug|ARM64
		{31F20547-2522-4643-AE23-B5B4E25A8852}.Debug|x64.ActiveCfg = Release|x86
		{31F20547-2522-4643-AE23-B5B4E25A8852}.Debug|x86.ActiveCfg = Release|x86
		{31F20547-2522-4643-AE23-B5B4E25A8852}.Release|ARM64.ActiveCfg = Release|ARM64
		{31F20547-2522-4643-AE23-B5B4E25A8852}.Release|ARM64.Build.0 = Release|ARM64
		{31F20547-2522-4643-AE23-B5B4E25A8852}.Release|x64.ActiveCfg = Release|x86
		{31F20547-2522-4643-AE23-B5B4E25A8852}.Release|x86.ActiveCfg = Release|x86
		{80C0972A-EB37-4DF3-95DB-704EB7F7965C}.Debug|ARM64.ActiveCfg = Debug|ARM64
		{80C0972A-EB37-4DF3-95DB-704EB7F7965C}.Debug|ARM64.Build.0 = Debug|ARM64
		{80C0972A-EB37-4DF3-95DB-704EB7F7965C}.Debug|x64.ActiveCfg = Release|x86
		{80C0972A-EB37-4DF3-95DB-704EB7F7965C}.Debug|x86.ActiveCfg = Release|x86
		{80C0972A-EB37-4DF3-95DB-704EB7F7965C}.Release|ARM64.ActiveCfg = Release|ARM64
		{80C0972A-EB37-4DF3-95DB-704EB7F7965C}.Release|ARM64.Build.0 = Release|ARM64
		{80C0972A-EB37-4DF3-95DB-704EB7F7965C}.Release|x64.ActiveCfg = Release|x86
		{80C0972A-EB37-4DF3-95DB-704EB7F7965C}.Release|x86.ActiveCfg = Release|x86
		{E9A9526B-0AD2-4DE2-A154-6558B99A4287}.Debug|ARM64.ActiveCfg = Debug|ARM64
		{E9A9526B-0AD2-4DE2-A154-6558B99A4287}.Debug|ARM64.Build.0 = Debug|ARM64
		{E9A9526B-0AD2-4DE2-A154-6558B99A4287}.Debug|x64.ActiveCfg = Release|x86
		{E9A9526B-0AD2-4DE2-A154-6558B99A4287}.Debug|x86.ActiveCfg = Release|x86
		{E9A9526B-0AD2-4DE2-A154-6558B99A4287}.Release|ARM64.ActiveCfg = Release|ARM64
		{E9A9526B-0AD2-4DE2-A154-6558B99A4287}.Release|ARM64.Build.0 = Release|ARM64
		{E9A9526B-0AD2-4DE2-A154-6558B99A4287}.Release|x64.ActiveCfg = Release|x86
		{E9A9526B-0AD2-4DE2-A154-6558B99A4287}.Release|x86.ActiveCfg = Release|x86
		{EEC82796-3809-4D8B-9F2B-D9F1DB044E39}.Debug|ARM64.ActiveCfg = Release|x86
		{EEC82796-3809-4D8B-9F2B-D9F1DB044E39}.Debug|x64.ActiveCfg = Release|x86
		{EEC82796-3809-4D8B-9F2B-D9F1DB044E39}.Debug|x86.ActiveCfg = Release|x86
		{EEC82796-3809-4D8B-9F2B-D9F1DB044E39}.Release|ARM64.ActiveCfg = Release|x86
		{EEC82796-3809-4D8B-9F2B-D9F1DB044E39}.Release|x64.ActiveCfg = Release|x86
		{EEC82796-3809-4D8B-9F2B-D9F1DB044E39}.Release|x86.ActiveCfg = Release|x86
		{272D736A-5479-4915-B8FE-5A0D908AB61F}.Debug|ARM64.ActiveCfg = Debug|ARM64
		{272D736A-5479-4915-B8FE-5A0D908AB61F}.Debug|ARM64.Build.0 = Debug|ARM64
		{272D736A-5479-4915-B8FE-5A0D908AB61F}.Debug|x64.ActiveCfg = Release|x86
		{272D736A-5479-4915-B8FE-5A0D908AB61F}.Debug|x86.ActiveCfg = Release|x86
		{272D736A-5479-4915-B8FE-5A0D908AB61F}.Release|ARM64.ActiveCfg = Release|ARM64
		{272D736A-5479-4915-B8FE-5A0D908AB61F}.Release|ARM64.Build.0 = Release|ARM64
		{272D736A-5479-4915-B8FE-5A0D908AB61F}.Release|x64.ActiveCfg = Release|x86
		{272D736A-5479-4915-B8FE-5A0D908AB61F}.Release|x86.ActiveCfg = Release|x86
		{E08BD5F2-B8DE-4EEE-A77F-FD82678664AC}.Debug|ARM64.ActiveCfg = Release|Win32
		{E08BD5F2-B8DE-4EEE-A77F-FD82678664AC}.Debug|x64.ActiveCfg = Release|x64
		{E08BD5F2-B8DE-4EEE-A77F-FD82678664AC}.Debug|x64.Build.0 = Release|x64
		{E08BD5F2-B8DE-4EEE-A77F-FD82678664AC}.Debug|x86.ActiveCfg = Release|Win32
		{E08BD5F2-B8DE-4EEE-A77F-FD82678664AC}.Debug|x86.Build.0 = Release|Win32
		{E08BD5F2-B8DE-4EEE-A77F-FD82678664AC}.Release|ARM64.ActiveCfg = Release|x64
		{E08BD5F2-B8DE-4EEE-A77F-FD82678664AC}.Release|x64.ActiveCfg = Release|Win32
		{E08BD5F2-B8DE-4EEE-A77F-FD82678664AC}.Release|x86.ActiveCfg = Release|Win32
		{C6FC6CB8-13AD-48BE-8FB1-8A7BC5790896}.Debug|ARM64.ActiveCfg = Debug|ARM64
		{C6FC6CB8-13AD-48BE-8FB1-8A7BC5790896}.Debug|ARM64.Build.0 = Debug|ARM64
		{C6FC6CB8-13AD-48BE-8FB1-8A7BC5790896}.Debug|x64.ActiveCfg = Release|x86
		{C6FC6CB8-13AD-48BE-8FB1-8A7BC5790896}.Debug|x86.ActiveCfg = Release|x86
		{C6FC6CB8-13AD-48BE-8FB1-8A7BC5790896}.Release|ARM64.ActiveCfg = Release|ARM64
		{C6FC6CB8-13AD-48BE-8FB1-8A7BC5790896}.Release|ARM64.Build.0 = Release|ARM64
		{C6FC6CB8-13AD-48BE-8FB1-8A7BC5790896}.Release|x64.ActiveCfg = Release|x86
		{C6FC6CB8-13AD-48BE-8FB1-8A7BC5790896}.Release|x86.ActiveCfg = Release|x86
		{EA03A92C-1984-4F2A-9D4F-4EA2C451AE05}.Debug|ARM64.ActiveCfg = Debug|ARM64
		{EA03A92C-1984-4F2A-9D4F-4EA2C451AE05}.Debug|ARM64.Build.0 = Debug|ARM64
		{EA03A92C-1984-4F2A-9D4F-4EA2C451AE05}.Debug|x64.ActiveCfg = Release|x86
		{EA03A92C-1984-4F2A-9D4F-4EA2C451AE05}.Debug|x86.ActiveCfg = Release|x86
		{EA03A92C-1984-4F2A-9D4F-4EA2C451AE05}.Release|ARM64.ActiveCfg = Release|ARM64
		{EA03A92C-1984-4F2A-9D4F-4EA2C451AE05}.Release|ARM64.Build.0 = Release|ARM64
		{EA03A92C-1984-4F2A-9D4F-4EA2C451AE05}.Release|x64.ActiveCfg = Release|x86
		{EA03A92C-1984-4F2A-9D4F-4EA2C451AE05}.Release|x86.ActiveCfg = Release|x86
		{7F31BB12-8494-4A6E-A2B8-ECF9FE25B460}.Debug|ARM64.ActiveCfg = Debug|ARM64
		{7F31BB12-8494-4A6E-A2B8-ECF9FE25B460}.Debug|ARM64.Build.0 = Debug|ARM64
		{7F31BB12-8494-4A6E-A2B8-ECF9FE25B460}.Debug|x64.ActiveCfg = Release|x86
		{7F31BB12-8494-4A6E-A2B8-ECF9FE25B460}.Debug|x86.ActiveCfg = Release|x86
		{7F31BB12-8494-4A6E-A2B8-ECF9FE25B460}.Release|ARM64.ActiveCfg = Release|ARM64
		{7F31BB12-8494-4A6E-A2B8-ECF9FE25B460}.Release|ARM64.Build.0 = Release|ARM64
		{7F31BB12-8494-4A6E-A2B8-ECF9FE25B460}.Release|x64.ActiveCfg = Release|x86
		{7F31BB12-8494-4A6E-A2B8-ECF9FE25B460}.Release|x86.ActiveCfg = Release|x86
		{4B0E8514-6BEE-41A5-AD4B-DF5F3BFEEFEF}.Debug|ARM64.ActiveCfg = Debug|ARM64
		{4B0E8514-6BEE-41A5-AD4B-DF5F3BFEEFEF}.Debug|ARM64.Build.0 = Debug|ARM64
		{4B0E8514-6BEE-41A5-AD4B-DF5F3BFEEFEF}.Debug|x64.ActiveCfg = Release|x86
		{4B0E8514-6BEE-41A5-AD4B-DF5F3BFEEFEF}.Debug|x86.ActiveCfg = Release|x86
		{4B0E8514-6BEE-41A5-AD4B-DF5F3BFEEFEF}.Release|ARM64.ActiveCfg = Release|ARM64
		{4B0E8514-6BEE-41A5-AD4B-DF5F3BFEEFEF}.Release|ARM64.Build.0 = Release|ARM64
		{4B0E8514-6BEE-41A5-AD4B-DF5F3BFEEFEF}.Release|x64.ActiveCfg = Release|x86
		{4B0E8514-6BEE-41A5-AD4B-DF5F3BFEEFEF}.Release|x86.ActiveCfg = Release|x86
		{21F86B1E-9F55-4CC8-93C7-BD237157B7F5}.Debug|ARM64.ActiveCfg = Debug|ARM64
		{21F86B1E-9F55-4CC8-93C7-BD237157B7F5}.Debug|ARM64.Build.0 = Debug|ARM64
		{21F86B1E-9F55-4CC8-93C7-BD237157B7F5}.Debug|x64.ActiveCfg = Release|x86
		{21F86B1E-9F55-4CC8-93C7-BD237157B7F5}.Debug|x86.ActiveCfg = Release|x86
		{21F86B1E-9F55-4CC8-93C7-BD237157B7F5}.Release|ARM64.ActiveCfg = Release|ARM64
		{21F86B1E-9F55-4CC8-93C7-BD237157B7F5}.Release|ARM64.Build.0 = Release|ARM64
		{21F86B1E-9F55-4CC8-93C7-BD237157B7F5}.Release|x64.ActiveCfg = Release|x86
		{21F86B1E-9F55-4CC8-93C7-BD237157B7F5}.Release|x86.ActiveCfg = Release|x86
		{95697A34-1519-42EC-A96B-3090AE6EAE2A}.Debug|ARM64.ActiveCfg = Debug|ARM64
		{95697A34-1519-42EC-A96B-3090AE6EAE2A}.Debug|ARM64.Build.0 = Debug|ARM64
		{95697A34-1519-42EC-A96B-3090AE6EAE2A}.Debug|x64.ActiveCfg = Release|x86
		{95697A34-1519-42EC-A96B-3090AE6EAE2A}.Debug|x86.ActiveCfg = Release|x86
		{95697A34-1519-42EC-A96B-3090AE6EAE2A}.Release|ARM64.ActiveCfg = Release|ARM64
		{95697A34-1519-42EC-A96B-3090AE6EAE2A}.Release|ARM64.Build.0 = Release|ARM64
		{95697A34-1519-42EC-A96B-3090AE6EAE2A}.Release|x64.ActiveCfg = Release|x86
		{95697A34-1519-42EC-A96B-3090AE6EAE2A}.Release|x86.ActiveCfg = Release|x86
		{46D02BC4-720A-4B33-AA27-4103E7349F02}.Debug|ARM64.ActiveCfg = Release|Win32
		{46D02BC4-720A-4B33-AA27-4103E7349F02}.Debug|x64.ActiveCfg = Release|Win32
		{46D02BC4-720A-4B33-AA27-4103E7349F02}.Debug|x86.ActiveCfg = Release|Win32
		{46D02BC4-720A-4B33-AA27-4103E7349F02}.Release|ARM64.ActiveCfg = Release|Win32
		{46D02BC4-720A-4B33-AA27-4103E7349F02}.Release|x64.ActiveCfg = Release|Win32
		{46D02BC4-720A-4B33-AA27-4103E7349F02}.Release|x86.ActiveCfg = Release|Win32
		{46D02BC4-720A-4B33-AA27-4103E7349F02}.Release|x86.Build.0 = Release|Win32
		{EB0A7D51-2133-4EE7-B6CA-87DBEAC67E02}.Debug|ARM64.ActiveCfg = Release|Win32
		{EB0A7D51-2133-4EE7-B6CA-87DBEAC67E02}.Debug|ARM64.Build.0 = Release|Win32
		{EB0A7D51-2133-4EE7-B6CA-87DBEAC67E02}.Debug|x64.ActiveCfg = Release|Win32
		{EB0A7D51-2133-4EE7-B6CA-87DBEAC67E02}.Debug|x86.ActiveCfg = Release|Win32
		{EB0A7D51-2133-4EE7-B6CA-87DBEAC67E02}.Release|ARM64.ActiveCfg = Release|Win32
		{EB0A7D51-2133-4EE7-B6CA-87DBEAC67E02}.Release|ARM64.Build.0 = Release|Win32
		{EB0A7D51-2133-4EE7-B6CA-87DBEAC67E02}.Release|x64.ActiveCfg = Release|Win32
		{EB0A7D51-2133-4EE7-B6CA-87DBEAC67E02}.Release|x86.ActiveCfg = Release|Win32
		{F37B5C48-DD17-4FF6-AF58-1BD697C2C1D7}.Debug|ARM64.ActiveCfg = Debug|ARM64
		{F37B5C48-DD17-4FF6-AF58-1BD697C2C1D7}.Debug|ARM64.Build.0 = Debug|ARM64
		{F37B5C48-DD17-4FF6-AF58-1BD697C2C1D7}.Debug|x64.ActiveCfg = Release|x86
		{F37B5C48-DD17-4FF6-AF58-1BD697C2C1D7}.Debug|x86.ActiveCfg = Release|x86
		{F37B5C48-DD17-4FF6-AF58-1BD697C2C1D7}.Release|ARM64.ActiveCfg = Release|ARM64
		{F37B5C48-DD17-4FF6-AF58-1BD697C2C1D7}.Release|ARM64.Build.0 = Release|ARM64
		{F37B5C48-DD17-4FF6-AF58-1BD697C2C1D7}.Release|x64.ActiveCfg = Release|x86
		{F37B5C48-DD17-4FF6-AF58-1BD697C2C1D7}.Release|x86.ActiveCfg = Release|x86
		{C3F36939-174F-4A7C-880E-B25875B7ABDC}.Debug|ARM64.ActiveCfg = Debug|ARM64
		{C3F36939-174F-4A7C-880E-B25875B7ABDC}.Debug|ARM64.Build.0 = Debug|ARM64
		{C3F36939-174F-4A7C-880E-B25875B7ABDC}.Debug|x64.ActiveCfg = Release|x86
		{C3F36939-174F-4A7C-880E-B25875B7ABDC}.Debug|x86.ActiveCfg = Release|x86
		{C3F36939-174F-4A7C-880E-B25875B7ABDC}.Release|ARM64.ActiveCfg = Release|ARM64
		{C3F36939-174F-4A7C-880E-B25875B7ABDC}.Release|ARM64.Build.0 = Release|ARM64
		{C3F36939-174F-4A7C-880E-B25875B7ABDC}.Release|x64.ActiveCfg = Release|x86
		{C3F36939-174F-4A7C-880E-B25875B7ABDC}.Release|x86.ActiveCfg = Release|x86
		{CBA21767-A300-4048-BCD4-4757F6FD0BEA}.Debug|ARM64.ActiveCfg = Debug|ARM64
		{CBA21767-A300-4048-BCD4-4757F6FD0BEA}.Debug|ARM64.Build.0 = Debug|ARM64
		{CBA21767-A300-4048-BCD4-4757F6FD0BEA}.Debug|x64.ActiveCfg = Release|x86
		{CBA21767-A300-4048-BCD4-4757F6FD0BEA}.Debug|x86.ActiveCfg = Release|x86
		{CBA21767-A300-4048-BCD4-4757F6FD0BEA}.Release|ARM64.ActiveCfg = Release|ARM64
		{CBA21767-A300-4048-BCD4-4757F6FD0BEA}.Release|ARM64.Build.0 = Release|ARM64
		{CBA21767-A300-4048-BCD4-4757F6FD0BEA}.Release|x64.ActiveCfg = Release|x86
		{CBA21767-A300-4048-BCD4-4757F6FD0BEA}.Release|x86.ActiveCfg = Release|x86
		{58646CCF-55D2-4131-BCAC-8670D372BA83}.Debug|ARM64.ActiveCfg = Debug|ARM64
		{58646CCF-55D2-4131-BCAC-8670D372BA83}.Debug|ARM64.Build.0 = Debug|ARM64
		{58646CCF-55D2-4131-BCAC-8670D372BA83}.Debug|x64.ActiveCfg = Release|x86
		{58646CCF-55D2-4131-BCAC-8670D372BA83}.Debug|x86.ActiveCfg = Release|x86
		{58646CCF-55D2-4131-BCAC-8670D372BA83}.Release|ARM64.ActiveCfg = Release|ARM64
		{58646CCF-55D2-4131-BCAC-8670D372BA83}.Release|ARM64.Build.0 = Release|ARM64
		{58646CCF-55D2-4131-BCAC-8670D372BA83}.Release|x64.ActiveCfg = Release|x86
		{58646CCF-55D2-4131-BCAC-8670D372BA83}.Release|x86.ActiveCfg = Release|x86
		{CF761D68-A8DE-41F3-8888-91B0C70B2C8E}.Debug|ARM64.ActiveCfg = Debug|ARM64
		{CF761D68-A8DE-41F3-8888-91B0C70B2C8E}.Debug|ARM64.Build.0 = Debug|ARM64
		{CF761D68-A8DE-41F3-8888-91B0C70B2C8E}.Debug|x64.ActiveCfg = Release|x86
		{CF761D68-A8DE-41F3-8888-91B0C70B2C8E}.Debug|x86.ActiveCfg = Release|x86
		{CF761D68-A8DE-41F3-8888-91B0C70B2C8E}.Release|ARM64.ActiveCfg = Release|ARM64
		{CF761D68-A8DE-41F3-8888-91B0C70B2C8E}.Release|ARM64.Build.0 = Release|ARM64
		{CF761D68-A8DE-41F3-8888-91B0C70B2C8E}.Release|x64.ActiveCfg = Release|x86
		{CF761D68-A8DE-41F3-8888-91B0C70B2C8E}.Release|x86.ActiveCfg = Release|x86
		{49D91747-0876-4315-AD43-089EAC141670}.Debug|ARM64.ActiveCfg = Debug|ARM64
		{49D91747-0876-4315-AD43-089EAC141670}.Debug|ARM64.Build.0 = Debug|ARM64
		{49D91747-0876-4315-AD43-089EAC141670}.Debug|x64.ActiveCfg = Release|x86
		{49D91747-0876-4315-AD43-089EAC141670}.Debug|x86.ActiveCfg = Release|x86
		{49D91747-0876-4315-AD43-089EAC141670}.Release|ARM64.ActiveCfg = Release|ARM64
		{49D91747-0876-4315-AD43-089EAC141670}.Release|ARM64.Build.0 = Release|ARM64
		{49D91747-0876-4315-AD43-089EAC141670}.Release|x64.ActiveCfg = Release|x86
		{49D91747-0876-4315-AD43-089EAC141670}.Release|x86.ActiveCfg = Release|x86
		{9373BDEE-4179-45BD-BA91-467C37729852}.Debug|ARM64.ActiveCfg = Debug|ARM64
		{9373BDEE-4179-45BD-BA91-467C37729852}.Debug|ARM64.Build.0 = Debug|ARM64
		{9373BDEE-4179-45BD-BA91-467C37729852}.Debug|x64.ActiveCfg = Release|x86
		{9373BDEE-4179-45BD-BA91-467C37729852}.Debug|x86.ActiveCfg = Release|x86
		{9373BDEE-4179-45BD-BA91-467C37729852}.Release|ARM64.ActiveCfg = Release|ARM64
		{9373BDEE-4179-45BD-BA91-467C37729852}.Release|ARM64.Build.0 = Release|ARM64
		{9373BDEE-4179-45BD-BA91-467C37729852}.Release|x64.ActiveCfg = Release|x86
		{9373BDEE-4179-45BD-BA91-467C37729852}.Release|x86.ActiveCfg = Release|x86
		{F773F85B-CD8B-4FDD-ABFC-B74C018AB900}.Debug|ARM64.ActiveCfg = Debug|ARM64
		{F773F85B-CD8B-4FDD-ABFC-B74C018AB900}.Debug|ARM64.Build.0 = Debug|ARM64
		{F773F85B-CD8B-4FDD-ABFC-B74C018AB900}.Debug|x64.ActiveCfg = Release|x86
		{F773F85B-CD8B-4FDD-ABFC-B74C018AB900}.Debug|x86.ActiveCfg = Release|x86
		{F773F85B-CD8B-4FDD-ABFC-B74C018AB900}.Release|ARM64.ActiveCfg = Release|ARM64
		{F773F85B-CD8B-4FDD-ABFC-B74C018AB900}.Release|ARM64.Build.0 = Release|ARM64
		{F773F85B-CD8B-4FDD-ABFC-B74C018AB900}.Release|x64.ActiveCfg = Release|x86
		{F773F85B-CD8B-4FDD-ABFC-B74C018AB900}.Release|x86.ActiveCfg = Release|x86
		{742496FF-76A2-419C-BA48-BE8C6C1C23EB}.Debug|ARM64.ActiveCfg = Debug|ARM64
		{742496FF-76A2-419C-BA48-BE8C6C1C23EB}.Debug|ARM64.Build.0 = Debug|ARM64
		{742496FF-76A2-419C-BA48-BE8C6C1C23EB}.Debug|x64.ActiveCfg = Release|x86
		{742496FF-76A2-419C-BA48-BE8C6C1C23EB}.Debug|x86.ActiveCfg = Release|x86
		{742496FF-76A2-419C-BA48-BE8C6C1C23EB}.Release|ARM64.ActiveCfg = Release|ARM64
		{742496FF-76A2-419C-BA48-BE8C6C1C23EB}.Release|ARM64.Build.0 = Release|ARM64
		{742496FF-76A2-419C-BA48-BE8C6C1C23EB}.Release|x64.ActiveCfg = Release|x86
		{742496FF-76A2-419C-BA48-BE8C6C1C23EB}.Release|x86.ActiveCfg = Release|x86
		{E386BD7E-2DDC-4F30-8FD0-2ED41E851159}.Debug|ARM64.ActiveCfg = Debug|ARM64
		{E386BD7E-2DDC-4F30-8FD0-2ED41E851159}.Debug|ARM64.Build.0 = Debug|ARM64
		{E386BD7E-2DDC-4F30-8FD0-2ED41E851159}.Debug|x64.ActiveCfg = Release|x86
		{E386BD7E-2DDC-4F30-8FD0-2ED41E851159}.Debug|x86.ActiveCfg = Release|x86
		{E386BD7E-2DDC-4F30-8FD0-2ED41E851159}.Release|ARM64.ActiveCfg = Release|ARM64
		{E386BD7E-2DDC-4F30-8FD0-2ED41E851159}.Release|ARM64.Build.0 = Release|ARM64
		{E386BD7E-2DDC-4F30-8FD0-2ED41E851159}.Release|x64.ActiveCfg = Release|x86
		{E386BD7E-2DDC-4F30-8FD0-2ED41E851159}.Release|x86.ActiveCfg = Release|x86
		{0FBEE09F-52C0-4AA2-8238-D55067106829}.Debug|ARM64.ActiveCfg = Debug|ARM64
		{0FBEE09F-52C0-4AA2-8238-D55067106829}.Debug|ARM64.Build.0 = Debug|ARM64
		{0FBEE09F-52C0-4AA2-8238-D55067106829}.Debug|x64.ActiveCfg = Release|x86
		{0FBEE09F-52C0-4AA2-8238-D55067106829}.Debug|x86.ActiveCfg = Release|x86
		{0FBEE09F-52C0-4AA2-8238-D55067106829}.Release|ARM64.ActiveCfg = Release|ARM64
		{0FBEE09F-52C0-4AA2-8238-D55067106829}.Release|ARM64.Build.0 = Release|ARM64
		{0FBEE09F-52C0-4AA2-8238-D55067106829}.Release|x64.ActiveCfg = Release|x86
		{0FBEE09F-52C0-4AA2-8238-D55067106829}.Release|x86.ActiveCfg = Release|x86
		{F0FAAEE2-E1C5-4122-80FA-CE8CA58F7621}.Debug|ARM64.ActiveCfg = Debug|ARM64
		{F0FAAEE2-E1C5-4122-80FA-CE8CA58F7621}.Debug|ARM64.Build.0 = Debug|ARM64
		{F0FAAEE2-E1C5-4122-80FA-CE8CA58F7621}.Debug|x64.ActiveCfg = Release|x86
		{F0FAAEE2-E1C5-4122-80FA-CE8CA58F7621}.Debug|x86.ActiveCfg = Release|x86
		{F0FAAEE2-E1C5-4122-80FA-CE8CA58F7621}.Release|ARM64.ActiveCfg = Release|ARM64
		{F0FAAEE2-E1C5-4122-80FA-CE8CA58F7621}.Release|ARM64.Build.0 = Release|ARM64
		{F0FAAEE2-E1C5-4122-80FA-CE8CA58F7621}.Release|x64.ActiveCfg = Release|x86
		{F0FAAEE2-E1C5-4122-80FA-CE8CA58F7621}.Release|x86.ActiveCfg = Release|x86
		{60408F7C-8FEB-4F24-A437-6DE8850223AB}.Debug|ARM64.ActiveCfg = Debug|ARM64
		{60408F7C-8FEB-4F24-A437-6DE8850223AB}.Debug|ARM64.Build.0 = Debug|ARM64
		{60408F7C-8FEB-4F24-A437-6DE8850223AB}.Debug|x64.ActiveCfg = Release|x86
		{60408F7C-8FEB-4F24-A437-6DE8850223AB}.Debug|x86.ActiveCfg = Release|x86
		{60408F7C-8FEB-4F24-A437-6DE8850223AB}.Release|ARM64.ActiveCfg = Release|ARM64
		{60408F7C-8FEB-4F24-A437-6DE8850223AB}.Release|ARM64.Build.0 = Release|ARM64
		{60408F7C-8FEB-4F24-A437-6DE8850223AB}.Release|x64.ActiveCfg = Release|x86
		{60408F7C-8FEB-4F24-A437-6DE8850223AB}.Release|x86.ActiveCfg = Release|x86
		{426A6EC1-D3D6-4A88-85B9-4595A04E6D4A}.Debug|ARM64.ActiveCfg = Debug|ARM64
		{426A6EC1-D3D6-4A88-85B9-4595A04E6D4A}.Debug|ARM64.Build.0 = Debug|ARM64
		{426A6EC1-D3D6-4A88-85B9-4595A04E6D4A}.Debug|x64.ActiveCfg = Release|x86
		{426A6EC1-D3D6-4A88-85B9-4595A04E6D4A}.Debug|x86.ActiveCfg = Release|x86
		{426A6EC1-D3D6-4A88-85B9-4595A04E6D4A}.Release|ARM64.ActiveCfg = Release|ARM64
		{426A6EC1-D3D6-4A88-85B9-4595A04E6D4A}.Release|ARM64.Build.0 = Release|ARM64
		{426A6EC1-D3D6-4A88-85B9-4595A04E6D4A}.Release|x64.ActiveCfg = Release|x86
		{426A6EC1-D3D6-4A88-85B9-4595A04E6D4A}.Release|x86.ActiveCfg = Release|x86
		{71CA675A-453F-4756-924F-CD36C6C162E8}.Debug|ARM64.ActiveCfg = Debug|ARM64
		{71CA675A-453F-4756-924F-CD36C6C162E8}.Debug|ARM64.Build.0 = Debug|ARM64
		{71CA675A-453F-4756-924F-CD36C6C162E8}.Debug|x64.ActiveCfg = Release|x86
		{71CA675A-453F-4756-924F-CD36C6C162E8}.Debug|x86.ActiveCfg = Release|x86
		{71CA675A-453F-4756-924F-CD36C6C162E8}.Release|ARM64.ActiveCfg = Release|ARM64
		{71CA675A-453F-4756-924F-CD36C6C162E8}.Release|ARM64.Build.0 = Release|ARM64
		{71CA675A-453F-4756-924F-CD36C6C162E8}.Release|x64.ActiveCfg = Release|x86
		{71CA675A-453F-4756-924F-CD36C6C162E8}.Release|x86.ActiveCfg = Release|x86
		{42520F9E-9D2A-4FD8-B747-2CC03120F588}.Debug|ARM64.ActiveCfg = Debug|ARM64
		{42520F9E-9D2A-4FD8-B747-2CC03120F588}.Debug|ARM64.Build.0 = Debug|ARM64
		{42520F9E-9D2A-4FD8-B747-2CC03120F588}.Debug|x64.ActiveCfg = Release|x86
		{42520F9E-9D2A-4FD8-B747-2CC03120F588}.Debug|x86.ActiveCfg = Release|x86
		{42520F9E-9D2A-4FD8-B747-2CC03120F588}.Release|ARM64.ActiveCfg = Release|ARM64
		{42520F9E-9D2A-4FD8-B747-2CC03120F588}.Release|ARM64.Build.0 = Release|ARM64
		{42520F9E-9D2A-4FD8-B747-2CC03120F588}.Release|x64.ActiveCfg = Release|x86
		{42520F9E-9D2A-4FD8-B747-2CC03120F588}.Release|x86.ActiveCfg = Release|x86
		{1C727FB4-460C-4EDA-B751-0593E2910B4C}.Debug|ARM64.ActiveCfg = Debug|ARM64
		{1C727FB4-460C-4EDA-B751-0593E2910B4C}.Debug|ARM64.Build.0 = Debug|ARM64
		{1C727FB4-460C-4EDA-B751-0593E2910B4C}.Debug|x64.ActiveCfg = Debug|x86
		{1C727FB4-460C-4EDA-B751-0593E2910B4C}.Debug|x86.ActiveCfg = Debug|x86
		{1C727FB4-460C-4EDA-B751-0593E2910B4C}.Debug|x86.Build.0 = Debug|x86
		{1C727FB4-460C-4EDA-B751-0593E2910B4C}.Release|ARM64.ActiveCfg = Release|ARM64
		{1C727FB4-460C-4EDA-B751-0593E2910B4C}.Release|ARM64.Build.0 = Release|ARM64
		{1C727FB4-460C-4EDA-B751-0593E2910B4C}.Release|x64.ActiveCfg = Release|x86
		{1C727FB4-460C-4EDA-B751-0593E2910B4C}.Release|x86.ActiveCfg = Release|x86
		{9D192FCB-1D43-4DA7-902E-8076E757A045}.Debug|ARM64.ActiveCfg = Debug|ARM64
		{9D192FCB-1D43-4DA7-902E-8076E757A045}.Debug|ARM64.Build.0 = Debug|ARM64
		{9D192FCB-1D43-4DA7-902E-8076E757A045}.Debug|x64.ActiveCfg = Debug|x86
		{9D192FCB-1D43-4DA7-902E-8076E757A045}.Debug|x86.ActiveCfg = Debug|x86
		{9D192FCB-1D43-4DA7-902E-8076E757A045}.Debug|x86.Build.0 = Debug|x86
		{9D192FCB-1D43-4DA7-902E-8076E757A045}.Release|ARM64.ActiveCfg = Release|ARM64
		{9D192FCB-1D43-4DA7-902E-8076E757A045}.Release|ARM64.Build.0 = Release|ARM64
		{9D192FCB-1D43-4DA7-902E-8076E757A045}.Release|x64.ActiveCfg = Release|x86
		{9D192FCB-1D43-4DA7-902E-8076E757A045}.Release|x86.ActiveCfg = Release|x86
		{D3F4B72D-4C8D-4CED-91B6-33AB2A926A49}.Debug|ARM64.ActiveCfg = Debug|ARM64
		{D3F4B72D-4C8D-4CED-91B6-33AB2A926A49}.Debug|ARM64.Build.0 = Debug|ARM64
		{D3F4B72D-4C8D-4CED-91B6-33AB2A926A49}.Debug|x64.ActiveCfg = Debug|x86
		{D3F4B72D-4C8D-4CED-91B6-33AB2A926A49}.Debug|x86.ActiveCfg = Debug|x86
		{D3F4B72D-4C8D-4CED-91B6-33AB2A926A49}.Debug|x86.Build.0 = Debug|x86
		{D3F4B72D-4C8D-4CED-91B6-33AB2A926A49}.Release|ARM64.ActiveCfg = Release|ARM64
		{D3F4B72D-4C8D-4CED-91B6-33AB2A926A49}.Release|ARM64.Build.0 = Release|ARM64
		{D3F4B72D-4C8D-4CED-91B6-33AB2A926A49}.Release|x64.ActiveCfg = Release|x86
		{D3F4B72D-4C8D-4CED-91B6-33AB2A926A49}.Release|x86.ActiveCfg = Release|x86
	EndGlobalSection
	GlobalSection(SolutionProperties) = preSolution
		HideSolutionNode = FALSE
	EndGlobalSection
	GlobalSection(NestedProjects) = preSolution
		{EEC5D4C5-9873-42E1-8A7F-79DB5314592B} = {B533D9FC-4927-4A05-892D-B90E8BEDCF5D}
		{5E7E80C3-8093-4DF6-AD3D-DE3F2872B01F} = {B533D9FC-4927-4A05-892D-B90E8BEDCF5D}
		{301175D9-93BD-49D2-8AE2-31693630372C} = {B533D9FC-4927-4A05-892D-B90E8BEDCF5D}
		{0631B7FA-D5A5-4B4B-8289-E0415420D6C7} = {B533D9FC-4927-4A05-892D-B90E8BEDCF5D}
		{12C34100-BC94-48E7-AE28-8B62CAD23155} = {B533D9FC-4927-4A05-892D-B90E8BEDCF5D}
		{9831ED5E-E812-484B-BDCF-AB27ED9297F6} = {B533D9FC-4927-4A05-892D-B90E8BEDCF5D}
		{738E0950-AD2F-49B0-A791-94E7E011E233} = {B533D9FC-4927-4A05-892D-B90E8BEDCF5D}
		{2B87572F-9B38-4F39-A213-97C1AC64703E} = {B533D9FC-4927-4A05-892D-B90E8BEDCF5D}
		{31F20547-2522-4643-AE23-B5B4E25A8852} = {B533D9FC-4927-4A05-892D-B90E8BEDCF5D}
		{80C0972A-EB37-4DF3-95DB-704EB7F7965C} = {B533D9FC-4927-4A05-892D-B90E8BEDCF5D}
		{E9A9526B-0AD2-4DE2-A154-6558B99A4287} = {B533D9FC-4927-4A05-892D-B90E8BEDCF5D}
		{272D736A-5479-4915-B8FE-5A0D908AB61F} = {B533D9FC-4927-4A05-892D-B90E8BEDCF5D}
		{C6FC6CB8-13AD-48BE-8FB1-8A7BC5790896} = {B533D9FC-4927-4A05-892D-B90E8BEDCF5D}
		{EA03A92C-1984-4F2A-9D4F-4EA2C451AE05} = {B533D9FC-4927-4A05-892D-B90E8BEDCF5D}
		{7F31BB12-8494-4A6E-A2B8-ECF9FE25B460} = {B533D9FC-4927-4A05-892D-B90E8BEDCF5D}
		{4B0E8514-6BEE-41A5-AD4B-DF5F3BFEEFEF} = {B533D9FC-4927-4A05-892D-B90E8BEDCF5D}
		{21F86B1E-9F55-4CC8-93C7-BD237157B7F5} = {B533D9FC-4927-4A05-892D-B90E8BEDCF5D}
		{95697A34-1519-42EC-A96B-3090AE6EAE2A} = {B533D9FC-4927-4A05-892D-B90E8BEDCF5D}
		{EB0A7D51-2133-4EE7-B6CA-87DBEAC67E02} = {B533D9FC-4927-4A05-892D-B90E8BEDCF5D}
		{F37B5C48-DD17-4FF6-AF58-1BD697C2C1D7} = {B533D9FC-4927-4A05-892D-B90E8BEDCF5D}
		{C3F36939-174F-4A7C-880E-B25875B7ABDC} = {B533D9FC-4927-4A05-892D-B90E8BEDCF5D}
		{CBA21767-A300-4048-BCD4-4757F6FD0BEA} = {B533D9FC-4927-4A05-892D-B90E8BEDCF5D}
		{58646CCF-55D2-4131-BCAC-8670D372BA83} = {B533D9FC-4927-4A05-892D-B90E8BEDCF5D}
		{CF761D68-A8DE-41F3-8888-91B0C70B2C8E} = {B533D9FC-4927-4A05-892D-B90E8BEDCF5D}
		{49D91747-0876-4315-AD43-089EAC141670} = {B533D9FC-4927-4A05-892D-B90E8BEDCF5D}
		{9373BDEE-4179-45BD-BA91-467C37729852} = {B533D9FC-4927-4A05-892D-B90E8BEDCF5D}
		{F773F85B-CD8B-4FDD-ABFC-B74C018AB900} = {B533D9FC-4927-4A05-892D-B90E8BEDCF5D}
		{742496FF-76A2-419C-BA48-BE8C6C1C23EB} = {B533D9FC-4927-4A05-892D-B90E8BEDCF5D}
		{E386BD7E-2DDC-4F30-8FD0-2ED41E851159} = {B533D9FC-4927-4A05-892D-B90E8BEDCF5D}
		{0FBEE09F-52C0-4AA2-8238-D55067106829} = {B533D9FC-4927-4A05-892D-B90E8BEDCF5D}
		{F0FAAEE2-E1C5-4122-80FA-CE8CA58F7621} = {B533D9FC-4927-4A05-892D-B90E8BEDCF5D}
		{60408F7C-8FEB-4F24-A437-6DE8850223AB} = {B533D9FC-4927-4A05-892D-B90E8BEDCF5D}
		{426A6EC1-D3D6-4A88-85B9-4595A04E6D4A} = {B533D9FC-4927-4A05-892D-B90E8BEDCF5D}
		{71CA675A-453F-4756-924F-CD36C6C162E8} = {B533D9FC-4927-4A05-892D-B90E8BEDCF5D}
		{42520F9E-9D2A-4FD8-B747-2CC03120F588} = {B533D9FC-4927-4A05-892D-B90E8BEDCF5D}
		{1C727FB4-460C-4EDA-B751-0593E2910B4C} = {B533D9FC-4927-4A05-892D-B90E8BEDCF5D}
		{9D192FCB-1D43-4DA7-902E-8076E757A045} = {B533D9FC-4927-4A05-892D-B90E8BEDCF5D}
		{D3F4B72D-4C8D-4CED-91B6-33AB2A926A49} = {B533D9FC-4927-4A05-892D-B90E8BEDCF5D}
	EndGlobalSection
	GlobalSection(ExtensibilityGlobals) = postSolution
		SolutionGuid = {F5B6389D-77ED-4938-A322-8DFCA4D9FEF5}
	EndGlobalSection
EndGlobal
