
Microsoft Visual Studio Solution File, Format Version 12.00
# Visual Studio Version 16
VisualStudioVersion = 16.0.29806.167
MinimumVisualStudioVersion = 10.0.40219.1
Project("{930C7802-8A8C-48F9-8165-68863BCCD9DD}") = "PanelSwWixLib", "wixlib\PanelSwWixLib.wixproj", "{B6AC15A8-5EF9-4F89-ACCC-3F5C3FC04BCE}"
	ProjectSection(ProjectDependencies) = postProject
		{0C3A56AA-8073-44E1-8DE4-C257D581BFF0} = {0C3A56AA-8073-44E1-8DE4-C257D581BFF0}
	EndProjectSection
EndProject
Project("{FAE04EC0-301F-11D3-BF4B-00C04F79EFBC}") = "PanelSwWixExtension", "PanelSwWixExtension\PanelSwWixExtension.csproj", "{69972F7F-F1CF-44AA-8F76-B4A5A4F1B309}"
	ProjectSection(ProjectDependencies) = postProject
		{B6AC15A8-5EF9-4F89-ACCC-3F5C3FC04BCE} = {B6AC15A8-5EF9-4F89-ACCC-3F5C3FC04BCE}
	EndProjectSection
EndProject
Project("{8BC9CEB8-8B4A-11D0-8D11-00A0C91BC942}") = "PanelSwCustomActions", "PanelSwCustomActions\PanelSwCustomActions.vcxproj", "{0C3A56AA-8073-44E1-8DE4-C257D581BFF0}"
	ProjectSection(ProjectDependencies) = postProject
		{7C6B230A-9186-4C1E-B61D-E803CC36A347} = {7C6B230A-9186-4C1E-B61D-E803CC36A347}
		{46D02BC4-720A-4B33-AA27-4103E7349F02} = {46D02BC4-720A-4B33-AA27-4103E7349F02}
	EndProjectSection
EndProject
Project("{2150E333-8FDC-42A3-9474-1A3956D46DE8}") = "UnitTests", "UnitTests", "{B533D9FC-4927-4A05-892D-B90E8BEDCF5D}"
EndProject
Project("{930C7802-8A8C-48F9-8165-68863BCCD9DD}") = "ReadIniValuesUT", "UnitTests\ReadIniValuesUT\ReadIniValuesUT.wixproj", "{EEC5D4C5-9873-42E1-8A7F-79DB5314592B}"
EndProject
Project("{930C7802-8A8C-48F9-8165-68863BCCD9DD}") = "CustomUninstallKeyUT", "UnitTests\CustomUninstallKeyUT\CustomUninstallKeyUT.wixproj", "{5E7E80C3-8093-4DF6-AD3D-DE3F2872B01F}"
EndProject
Project("{930C7802-8A8C-48F9-8165-68863BCCD9DD}") = "RemoveRegistryValueUT", "UnitTests\RemoveRegistryValueUT\RemoveRegistryValueUT.wixproj", "{301175D9-93BD-49D2-8AE2-31693630372C}"
EndProject
Project("{930C7802-8A8C-48F9-8165-68863BCCD9DD}") = "XmlSearchUT", "UnitTests\XmlSearchUT\XmlSearchUT.wixproj", "{0631B7FA-D5A5-4B4B-8289-E0415420D6C7}"
EndProject
Project("{8BC9CEB8-8B4A-11D0-8D11-00A0C91BC942}") = "CaCommon", "CaCommon\CaCommon.vcxproj", "{7C6B230A-9186-4C1E-B61D-E803CC36A347}"
	ProjectSection(ProjectDependencies) = postProject
		{46D02BC4-720A-4B33-AA27-4103E7349F02} = {46D02BC4-720A-4B33-AA27-4103E7349F02}
	EndProjectSection
EndProject
Project("{930C7802-8A8C-48F9-8165-68863BCCD9DD}") = "TelemetryUT", "UnitTests\TelemetryUT\TelemetryUT.wixproj", "{12C34100-BC94-48E7-AE28-8B62CAD23155}"
EndProject
Project("{930C7802-8A8C-48F9-8165-68863BCCD9DD}") = "MsiSqlQueryUT", "UnitTests\MsiSqlQueryUT\MsiSqlQueryUT.wixproj", "{9831ED5E-E812-484B-BDCF-AB27ED9297F6}"
EndProject
Project("{930C7802-8A8C-48F9-8165-68863BCCD9DD}") = "RegexUT", "UnitTests\RegexUT\RegexUT.wixproj", "{738E0950-AD2F-49B0-A791-94E7E011E233}"
EndProject
Project("{930C7802-8A8C-48F9-8165-68863BCCD9DD}") = "FileOperationsUT", "UnitTests\FileOperationsUT\FileOperationsUT.wixproj", "{2B87572F-9B38-4F39-A213-97C1AC64703E}"
EndProject
Project("{930C7802-8A8C-48F9-8165-68863BCCD9DD}") = "TaskScheulerUT", "UnitTests\TaskScheulerUT\TaskScheulerUT.wixproj", "{31F20547-2522-4643-AE23-B5B4E25A8852}"
EndProject
Project("{2150E333-8FDC-42A3-9474-1A3956D46DE8}") = "Solution Items", "Solution Items", "{096EB3BA-5DCA-4121-8407-C93F31997339}"
	ProjectSection(SolutionItems) = preProject
		appveyor.yml = appveyor.yml
		Nuget\PanelSwWixExtension.props = Nuget\PanelSwWixExtension.props
		README.md = README.md
		TidyBuild.custom.props = TidyBuild.custom.props
		TidyBuild.custom.targets = TidyBuild.custom.targets
		TidyBuild.user.props = TidyBuild.user.props
	EndProjectSection
EndProject
Project("{930C7802-8A8C-48F9-8165-68863BCCD9DD}") = "ExecOnComponentUT", "UnitTests\ExecOnComponentUT\ExecOnComponentUT.wixproj", "{80C0972A-EB37-4DF3-95DB-704EB7F7965C}"
EndProject
Project("{930C7802-8A8C-48F9-8165-68863BCCD9DD}") = "DismUT", "UnitTests\DismUT\DismUT.wixproj", "{E9A9526B-0AD2-4DE2-A154-6558B99A4287}"
EndProject
Project("{FAE04EC0-301F-11D3-BF4B-00C04F79EFBC}") = "PswManagedCA", "PswManagedCA\PswManagedCA.csproj", "{EEC82796-3809-4D8B-9F2B-D9F1DB044E39}"
EndProject
Project("{930C7802-8A8C-48F9-8165-68863BCCD9DD}") = "ZipFileUT", "UnitTests\ZipFileUT\ZipFileUT.wixproj", "{272D736A-5479-4915-B8FE-5A0D908AB61F}"
EndProject
Project("{8BC9CEB8-8B4A-11D0-8D11-00A0C91BC942}") = "Dism", "Dism\Dism.vcxproj", "{CB9038CA-D9A1-4014-BA48-661AFA842A41}"
EndProject
Project("{930C7802-8A8C-48F9-8165-68863BCCD9DD}") = "ServiceConfigUT", "UnitTests\ServiceConfigUT\ServiceConfigUT.wixproj", "{C6FC6CB8-13AD-48BE-8FB1-8A7BC5790896}"
EndProject
Project("{930C7802-8A8C-48F9-8165-68863BCCD9DD}") = "CleanPendingFileRenameOperationsUT", "UnitTests\CleanPendingFileRenameOperationsUT\CleanPendingFileRenameOperationsUT.wixproj", "{EA03A92C-1984-4F2A-9D4F-4EA2C451AE05}"
EndProject
Project("{930C7802-8A8C-48F9-8165-68863BCCD9DD}") = "InstallUtilUT", "UnitTests\InstallUtilUT\InstallUtilUT.wixproj", "{7F31BB12-8494-4A6E-A2B8-ECF9FE25B460}"
EndProject
Project("{930C7802-8A8C-48F9-8165-68863BCCD9DD}") = "SqlSearchUT", "UnitTests\SqlSearchUT\SqlSearchUT.wixproj", "{4B0E8514-6BEE-41A5-AD4B-DF5F3BFEEFEF}"
EndProject
Project("{930C7802-8A8C-48F9-8165-68863BCCD9DD}") = "BackupAndRestoreUT", "UnitTests\BackupAndRestoreUT\BackupAndRestoreUT.wixproj", "{21F86B1E-9F55-4CC8-93C7-BD237157B7F5}"
EndProject
Project("{930C7802-8A8C-48F9-8165-68863BCCD9DD}") = "CreateSelfSignCertificateUT", "UnitTests\CreateSelfSignCertificateUT\CreateSelfSignCertificateUT.wixproj", "{95697A34-1519-42EC-A96B-3090AE6EAE2A}"
EndProject
Project("{8BC9CEB8-8B4A-11D0-8D11-00A0C91BC942}") = "ProtoCaLib", "ProtoCaLib\ProtoCaLib.vcxproj", "{46D02BC4-720A-4B33-AA27-4103E7349F02}"
EndProject
Project("{2150E333-8FDC-42A3-9474-1A3956D46DE8}") = "SetPropertyFromPipe", "SetPropertyFromPipe", "{9414286E-4E14-4836-99BE-7C6AB7B14538}"
EndProject
Project("{8BC9CEB8-8B4A-11D0-8D11-00A0C91BC942}") = "SetPropertyFromPipeBAF", "UnitTests\SetPropertyFromPipe\SetPropertyFromPipeBAF\SetPropertyFromPipeBAF.vcxproj", "{EB0A7D51-2133-4EE7-B6CA-87DBEAC67E02}"
EndProject
Project("{930C7802-8A8C-48F9-8165-68863BCCD9DD}") = "SetPropertyFromPipeBootstrapper", "UnitTests\SetPropertyFromPipe\SetPropertyFromPipeBootstrapper\SetPropertyFromPipeBootstrapper.wixproj", "{F37B5C48-DD17-4FF6-AF58-1BD697C2C1D7}"
EndProject
Project("{930C7802-8A8C-48F9-8165-68863BCCD9DD}") = "SetPropertyFromPipeSetup", "UnitTests\SetPropertyFromPipe\SetPropertyFromPipeSetup\SetPropertyFromPipeSetup.wixproj", "{C3F36939-174F-4A7C-880E-B25875B7ABDC}"
EndProject
Project("{930C7802-8A8C-48F9-8165-68863BCCD9DD}") = "EvaluateExpressionUT", "UnitTests\EvaluateExpressionUT\EvaluateExpressionUT.wixproj", "{CBA21767-A300-4048-BCD4-4757F6FD0BEA}"
EndProject
Project("{930C7802-8A8C-48F9-8165-68863BCCD9DD}") = "DiskSpaceUT", "UnitTests\DiskSpaceUT\DiskSpaceUT.wixproj", "{58646CCF-55D2-4131-BCAC-8670D372BA83}"
EndProject
Project("{930C7802-8A8C-48F9-8165-68863BCCD9DD}") = "JsonJPathUT", "UnitTests\JsonJPathUT\JsonJPathUT.wixproj", "{CF761D68-A8DE-41F3-8888-91B0C70B2C8E}"
EndProject
Project("{930C7802-8A8C-48F9-8165-68863BCCD9DD}") = "AccountNamesUT", "UnitTests\AccountNamesUT\AccountNamesUT.wixproj", "{49D91747-0876-4315-AD43-089EAC141670}"
EndProject
Project("{930C7802-8A8C-48F9-8165-68863BCCD9DD}") = "AccountSidSearchUT", "UnitTests\AccountSidSearchUT\AccountSidSearchUT.wixproj", "{9373BDEE-4179-45BD-BA91-467C37729852}"
EndProject
Project("{930C7802-8A8C-48F9-8165-68863BCCD9DD}") = "ForceVersionUT", "UnitTests\ForceVersionUT\ForceVersionUT.wixproj", "{F773F85B-CD8B-4FDD-ABFC-B74C018AB900}"
EndProject
Project("{930C7802-8A8C-48F9-8165-68863BCCD9DD}") = "WebsiteConfigUT", "UnitTests\WebsiteConfigUT\WebsiteConfigUT.wixproj", "{742496FF-76A2-419C-BA48-BE8C6C1C23EB}"
EndProject
Project("{930C7802-8A8C-48F9-8165-68863BCCD9DD}") = "VersionCompareUT", "UnitTests\VersionCompareUT\VersionCompareUT.wixproj", "{E386BD7E-2DDC-4F30-8FD0-2ED41E851159}"
EndProject
Project("{930C7802-8A8C-48F9-8165-68863BCCD9DD}") = "PathSearchUT", "UnitTests\PathSearchUT\PathSearchUT.wixproj", "{0FBEE09F-52C0-4AA2-8238-D55067106829}"
EndProject
Global
	GlobalSection(SolutionConfigurationPlatforms) = preSolution
		Release|x86 = Release|x86
	EndGlobalSection
	GlobalSection(ProjectConfigurationPlatforms) = postSolution
		{B6AC15A8-5EF9-4F89-ACCC-3F5C3FC04BCE}.Release|x86.ActiveCfg = Release|x86
		{B6AC15A8-5EF9-4F89-ACCC-3F5C3FC04BCE}.Release|x86.Build.0 = Release|x86
		{69972F7F-F1CF-44AA-8F76-B4A5A4F1B309}.Release|x86.ActiveCfg = Release|Any CPU
		{69972F7F-F1CF-44AA-8F76-B4A5A4F1B309}.Release|x86.Build.0 = Release|Any CPU
		{0C3A56AA-8073-44E1-8DE4-C257D581BFF0}.Release|x86.ActiveCfg = Release|Win32
		{0C3A56AA-8073-44E1-8DE4-C257D581BFF0}.Release|x86.Build.0 = Release|Win32
		{EEC5D4C5-9873-42E1-8A7F-79DB5314592B}.Release|x86.ActiveCfg = Release|x86
		{5E7E80C3-8093-4DF6-AD3D-DE3F2872B01F}.Release|x86.ActiveCfg = Release|x86
		{301175D9-93BD-49D2-8AE2-31693630372C}.Release|x86.ActiveCfg = Release|x86
		{0631B7FA-D5A5-4B4B-8289-E0415420D6C7}.Release|x86.ActiveCfg = Release|x86
		{7C6B230A-9186-4C1E-B61D-E803CC36A347}.Release|x86.ActiveCfg = Release|Win32
		{7C6B230A-9186-4C1E-B61D-E803CC36A347}.Release|x86.Build.0 = Release|Win32
		{12C34100-BC94-48E7-AE28-8B62CAD23155}.Release|x86.ActiveCfg = Release|x86
		{9831ED5E-E812-484B-BDCF-AB27ED9297F6}.Release|x86.ActiveCfg = Release|x86
		{738E0950-AD2F-49B0-A791-94E7E011E233}.Release|x86.ActiveCfg = Release|x86
		{2B87572F-9B38-4F39-A213-97C1AC64703E}.Release|x86.ActiveCfg = Release|x86
		{31F20547-2522-4643-AE23-B5B4E25A8852}.Release|x86.ActiveCfg = Release|x86
		{80C0972A-EB37-4DF3-95DB-704EB7F7965C}.Release|x86.ActiveCfg = Release|x86
		{E9A9526B-0AD2-4DE2-A154-6558B99A4287}.Release|x86.ActiveCfg = Release|x86
		{EEC82796-3809-4D8B-9F2B-D9F1DB044E39}.Release|x86.ActiveCfg = Release|x86
		{EEC82796-3809-4D8B-9F2B-D9F1DB044E39}.Release|x86.Build.0 = Release|x86
		{272D736A-5479-4915-B8FE-5A0D908AB61F}.Release|x86.ActiveCfg = Release|x86
		{CB9038CA-D9A1-4014-BA48-661AFA842A41}.Release|x86.ActiveCfg = Release|Win32
		{CB9038CA-D9A1-4014-BA48-661AFA842A41}.Release|x86.Build.0 = Release|Win32
		{C6FC6CB8-13AD-48BE-8FB1-8A7BC5790896}.Release|x86.ActiveCfg = Release|x86
		{EA03A92C-1984-4F2A-9D4F-4EA2C451AE05}.Release|x86.ActiveCfg = Release|x86
		{7F31BB12-8494-4A6E-A2B8-ECF9FE25B460}.Release|x86.ActiveCfg = Release|x86
		{4B0E8514-6BEE-41A5-AD4B-DF5F3BFEEFEF}.Release|x86.ActiveCfg = Release|x86
		{21F86B1E-9F55-4CC8-93C7-BD237157B7F5}.Release|x86.ActiveCfg = Release|x86
		{95697A34-1519-42EC-A96B-3090AE6EAE2A}.Release|x86.ActiveCfg = Release|x86
		{46D02BC4-720A-4B33-AA27-4103E7349F02}.Release|x86.ActiveCfg = Release|Win32
		{46D02BC4-720A-4B33-AA27-4103E7349F02}.Release|x86.Build.0 = Release|Win32
		{EB0A7D51-2133-4EE7-B6CA-87DBEAC67E02}.Release|x86.ActiveCfg = Release|Win32
		{F37B5C48-DD17-4FF6-AF58-1BD697C2C1D7}.Release|x86.ActiveCfg = Release|x86
		{C3F36939-174F-4A7C-880E-B25875B7ABDC}.Release|x86.ActiveCfg = Release|x86
		{CBA21767-A300-4048-BCD4-4757F6FD0BEA}.Release|x86.ActiveCfg = Release|x86
		{58646CCF-55D2-4131-BCAC-8670D372BA83}.Release|x86.ActiveCfg = Release|x86
		{CF761D68-A8DE-41F3-8888-91B0C70B2C8E}.Release|x86.ActiveCfg = Release|x86
		{49D91747-0876-4315-AD43-089EAC141670}.Release|x86.ActiveCfg = Release|x86
		{9373BDEE-4179-45BD-BA91-467C37729852}.Release|x86.ActiveCfg = Release|x86
		{F773F85B-CD8B-4FDD-ABFC-B74C018AB900}.Release|x86.ActiveCfg = Release|x86
		{742496FF-76A2-419C-BA48-BE8C6C1C23EB}.Release|x86.ActiveCfg = Release|x86
		{E386BD7E-2DDC-4F30-8FD0-2ED41E851159}.Release|x86.ActiveCfg = Release|x86
		{0FBEE09F-52C0-4AA2-8238-D55067106829}.Release|x86.ActiveCfg = Release|x86
	EndGlobalSection
	GlobalSection(SolutionProperties) = preSolution
		HideSolutionNode = FALSE
	EndGlobalSection
	GlobalSection(NestedProjects) = preSolution
		{EEC5D4C5-9873-42E1-8A7F-79DB5314592B} = {B533D9FC-4927-4A05-892D-B90E8BEDCF5D}
		{5E7E80C3-8093-4DF6-AD3D-DE3F2872B01F} = {B533D9FC-4927-4A05-892D-B90E8BEDCF5D}
		{301175D9-93BD-49D2-8AE2-31693630372C} = {B533D9FC-4927-4A05-892D-B90E8BEDCF5D}
		{0631B7FA-D5A5-4B4B-8289-E0415420D6C7} = {B533D9FC-4927-4A05-892D-B90E8BEDCF5D}
		{12C34100-BC94-48E7-AE28-8B62CAD23155} = {B533D9FC-4927-4A05-892D-B90E8BEDCF5D}
		{9831ED5E-E812-484B-BDCF-AB27ED9297F6} = {B533D9FC-4927-4A05-892D-B90E8BEDCF5D}
		{738E0950-AD2F-49B0-A791-94E7E011E233} = {B533D9FC-4927-4A05-892D-B90E8BEDCF5D}
		{2B87572F-9B38-4F39-A213-97C1AC64703E} = {B533D9FC-4927-4A05-892D-B90E8BEDCF5D}
		{31F20547-2522-4643-AE23-B5B4E25A8852} = {B533D9FC-4927-4A05-892D-B90E8BEDCF5D}
		{80C0972A-EB37-4DF3-95DB-704EB7F7965C} = {B533D9FC-4927-4A05-892D-B90E8BEDCF5D}
		{E9A9526B-0AD2-4DE2-A154-6558B99A4287} = {B533D9FC-4927-4A05-892D-B90E8BEDCF5D}
		{272D736A-5479-4915-B8FE-5A0D908AB61F} = {B533D9FC-4927-4A05-892D-B90E8BEDCF5D}
		{C6FC6CB8-13AD-48BE-8FB1-8A7BC5790896} = {B533D9FC-4927-4A05-892D-B90E8BEDCF5D}
		{EA03A92C-1984-4F2A-9D4F-4EA2C451AE05} = {B533D9FC-4927-4A05-892D-B90E8BEDCF5D}
		{7F31BB12-8494-4A6E-A2B8-ECF9FE25B460} = {B533D9FC-4927-4A05-892D-B90E8BEDCF5D}
		{4B0E8514-6BEE-41A5-AD4B-DF5F3BFEEFEF} = {B533D9FC-4927-4A05-892D-B90E8BEDCF5D}
		{21F86B1E-9F55-4CC8-93C7-BD237157B7F5} = {B533D9FC-4927-4A05-892D-B90E8BEDCF5D}
		{95697A34-1519-42EC-A96B-3090AE6EAE2A} = {B533D9FC-4927-4A05-892D-B90E8BEDCF5D}
		{9414286E-4E14-4836-99BE-7C6AB7B14538} = {B533D9FC-4927-4A05-892D-B90E8BEDCF5D}
		{EB0A7D51-2133-4EE7-B6CA-87DBEAC67E02} = {9414286E-4E14-4836-99BE-7C6AB7B14538}
		{F37B5C48-DD17-4FF6-AF58-1BD697C2C1D7} = {9414286E-4E14-4836-99BE-7C6AB7B14538}
		{C3F36939-174F-4A7C-880E-B25875B7ABDC} = {9414286E-4E14-4836-99BE-7C6AB7B14538}
		{CBA21767-A300-4048-BCD4-4757F6FD0BEA} = {B533D9FC-4927-4A05-892D-B90E8BEDCF5D}
		{58646CCF-55D2-4131-BCAC-8670D372BA83} = {B533D9FC-4927-4A05-892D-B90E8BEDCF5D}
		{CF761D68-A8DE-41F3-8888-91B0C70B2C8E} = {B533D9FC-4927-4A05-892D-B90E8BEDCF5D}
		{49D91747-0876-4315-AD43-089EAC141670} = {B533D9FC-4927-4A05-892D-B90E8BEDCF5D}
		{9373BDEE-4179-45BD-BA91-467C37729852} = {B533D9FC-4927-4A05-892D-B90E8BEDCF5D}
		{F773F85B-CD8B-4FDD-ABFC-B74C018AB900} = {B533D9FC-4927-4A05-892D-B90E8BEDCF5D}
		{742496FF-76A2-419C-BA48-BE8C6C1C23EB} = {B533D9FC-4927-4A05-892D-B90E8BEDCF5D}
		{E386BD7E-2DDC-4F30-8FD0-2ED41E851159} = {B533D9FC-4927-4A05-892D-B90E8BEDCF5D}
		{0FBEE09F-52C0-4AA2-8238-D55067106829} = {B533D9FC-4927-4A05-892D-B90E8BEDCF5D}
	EndGlobalSection
	GlobalSection(ExtensibilityGlobals) = postSolution
		SolutionGuid = {F5B6389D-77ED-4938-A322-8DFCA4D9FEF5}
	EndGlobalSection
EndGlobal
